{
  "version": 4,
  "terraform_version": "1.14.3",
  "serial": 1,
  "lineage": "0455770d-bf3b-5bc6-d9c7-76b8e8a36f41",
  "outputs": {
    "generated_file": {
      "value": "./generated-interop-copilot-demo.txt",
      "type": "string"
    }
  },
  "resources": [
    {
      "mode": "managed",
      "type": "local_file",
      "name": "demo_summary",
      "provider": "provider[\"registry.terraform.io/hashicorp/local\"]",
      "instances": [
        {
          "schema_version": 0,
          "attributes": {
            "content": "Projeto: interop-copilot-demo\nObjetivo: demonstrar Infrastructure as Code sem depender de credenciais cloud\nFerramenta: Terraform\nEfeito: cria um arquivo local para validar fluxo e sintaxe\n",
            "content_base64": null,
            "content_base64sha256": "d1xbjRnLx7rNOdcaog+VqwycBw3dav/uRjHGQK/z1/4=",
            "content_base64sha512": "b4J7Cs8PKc66aSoUGSsqK2hwo49vsfp0tF+QhlpVCIfGmuK4WpYS5AM3RmCMTivFXPVXmrHEB8rFYtIjabL/cg==",
            "content_md5": "9383066d93305c75b68135d25bda487d",
            "content_sha1": "046e04ba65daaf65d6f678c2dfbc4dfbbaef2010",
            "content_sha256": "775c5b8d19cbc7bacd39d71aa20f95ab0c9c070ddd6affee4631c640aff3d7fe",
            "content_sha512": "6f827b0acf0f29ceba692a14192b2a2b6870a38f6fb1fa74b45f90865a550887c69ae2b85a9612e4033746608c4e2bc55cf5579ab1c407cac562d22369b2ff72",
            "directory_permission": "0777",
            "file_permission": "0777",
            "filename": "./generated-interop-copilot-demo.txt",
            "id": "046e04ba65daaf65d6f678c2dfbc4dfbbaef2010",
            "sensitive_content": null,
            "source": null
          },
          "sensitive_attributes": [
            [
              {
                "type": "get_attr",
                "value": "sensitive_content"
              }
            ]
          ],
          "identity_schema_version": 0
        }
      ]
    }
  ],
  "check_results": null
}
